{
  "name": "semantic-styles-monorepo",
  "version": "0.0.22",
  "lockfileVersion": 1,
  "requires": true,
  "dependencies": {
    "semantic-styles": {
      "version": "0.0.22",
      "resolved": "https://registry.npmjs.org/semantic-styles/-/semantic-styles-0.0.22.tgz",
      "integrity": "sha512-GiEo2MkXKbxcfUzmF9Mh3VaVTIQAj4eIeR/fvPny6hFglbRrgf36K4WzwsP+J1F4/+kgZjMs3ZWcDXGQJ7VYcQ=="
    }
  }
}
